{
  "version": "3",
  "packages": {
    "specifiers": {
      "npm:@octokit/core": "npm:@octokit/core@5.0.2",
      "npm:@octokit/rest": "npm:@octokit/rest@20.0.2_@octokit+core@5.0.2",
      "npm:@types/node": "npm:@types/node@18.16.19",
      "npm:commander@11": "npm:commander@11.1.0",
      "npm:glob": "npm:glob@10.3.10",
      "npm:glob@10.3.10": "npm:glob@10.3.10",
      "npm:glob@10.3.x": "npm:glob@10.3.10",
      "npm:minimatch@9": "npm:minimatch@9.0.3",
      "npm:octokit": "npm:octokit@3.1.2_@octokit+core@5.0.2",
      "npm:tar-fs@3": "npm:tar-fs@3.0.4",
      "npm:tar-fs@3.0.4": "npm:tar-fs@3.0.4",
      "npm:tar@6": "npm:tar@6.2.0",
      "npm:tar@6.2.0": "npm:tar@6.2.0"
    },
    "npm": {
      "@isaacs/cliui@8.0.2": {
        "integrity": "sha512-O8jcjabXaleOG9DQ0+ARXWZBTfnP4WNAqzuiJK7ll44AmxGKv/J2M4TPjxjY3znBCfvBXFzucm1twdyFybFqEA==",
        "dependencies": {
          "string-width": "string-width@5.1.2",
          "string-width-cjs": "string-width@4.2.3",
          "strip-ansi": "strip-ansi@7.1.0",
          "strip-ansi-cjs": "strip-ansi@6.0.1",
          "wrap-ansi": "wrap-ansi@8.1.0",
          "wrap-ansi-cjs": "wrap-ansi@7.0.0"
        }
      },
      "@octokit/app@14.0.2_@octokit+core@5.0.2": {
        "integrity": "sha512-NCSCktSx+XmjuSUVn2dLfqQ9WIYePGP95SDJs4I9cn/0ZkeXcPkaoCLl64Us3dRKL2ozC7hArwze5Eu+/qt1tg==",
        "dependencies": {
          "@octokit/auth-app": "@octokit/auth-app@6.0.2",
          "@octokit/auth-unauthenticated": "@octokit/auth-unauthenticated@5.0.1",
          "@octokit/core": "@octokit/core@5.0.2",
          "@octokit/oauth-app": "@octokit/oauth-app@6.0.0",
          "@octokit/plugin-paginate-rest": "@octokit/plugin-paginate-rest@9.1.5_@octokit+core@5.0.2",
          "@octokit/types": "@octokit/types@12.4.0",
          "@octokit/webhooks": "@octokit/webhooks@12.0.10"
        }
      },
      "@octokit/auth-app@6.0.2": {
        "integrity": "sha512-HYuRX3Fvhs2y9i7a4F8f+A5HWfacRWmpERHGBEOtgvKVjJkOQZKUY2v6HiSszYecHAF8Ojqngp2iraSP3SvNpQ==",
        "dependencies": {
          "@octokit/auth-oauth-app": "@octokit/auth-oauth-app@7.0.1",
          "@octokit/auth-oauth-user": "@octokit/auth-oauth-user@4.0.1",
          "@octokit/request": "@octokit/request@8.1.6",
          "@octokit/request-error": "@octokit/request-error@5.0.1",
          "@octokit/types": "@octokit/types@12.4.0",
          "deprecation": "deprecation@2.3.1",
          "lru-cache": "lru-cache@10.1.0",
          "universal-github-app-jwt": "universal-github-app-jwt@1.1.1",
          "universal-user-agent": "universal-user-agent@6.0.1"
        }
      },
      "@octokit/auth-oauth-app@7.0.1": {
        "integrity": "sha512-RE0KK0DCjCHXHlQBoubwlLijXEKfhMhKm9gO56xYvFmP1QTMb+vvwRPmQLLx0V+5AvV9N9I3lr1WyTzwL3rMDg==",
        "dependencies": {
          "@octokit/auth-oauth-device": "@octokit/auth-oauth-device@6.0.1",
          "@octokit/auth-oauth-user": "@octokit/auth-oauth-user@4.0.1",
          "@octokit/request": "@octokit/request@8.1.6",
          "@octokit/types": "@octokit/types@12.4.0",
          "@types/btoa-lite": "@types/btoa-lite@1.0.2",
          "btoa-lite": "btoa-lite@1.0.0",
          "universal-user-agent": "universal-user-agent@6.0.1"
        }
      },
      "@octokit/auth-oauth-device@6.0.1": {
        "integrity": "sha512-yxU0rkL65QkjbqQedgVx3gmW7YM5fF+r5uaSj9tM/cQGVqloXcqP2xK90eTyYvl29arFVCW8Vz4H/t47mL0ELw==",
        "dependencies": {
          "@octokit/oauth-methods": "@octokit/oauth-methods@4.0.1",
          "@octokit/request": "@octokit/request@8.1.6",
          "@octokit/types": "@octokit/types@12.4.0",
          "universal-user-agent": "universal-user-agent@6.0.1"
        }
      },
      "@octokit/auth-oauth-user@4.0.1": {
        "integrity": "sha512-N94wWW09d0hleCnrO5wt5MxekatqEJ4zf+1vSe8MKMrhZ7gAXKFOKrDEZW2INltvBWJCyDUELgGRv8gfErH1Iw==",
        "dependencies": {
          "@octokit/auth-oauth-device": "@octokit/auth-oauth-device@6.0.1",
          "@octokit/oauth-methods": "@octokit/oauth-methods@4.0.1",
          "@octokit/request": "@octokit/request@8.1.6",
          "@octokit/types": "@octokit/types@12.4.0",
          "btoa-lite": "btoa-lite@1.0.0",
          "universal-user-agent": "universal-user-agent@6.0.1"
        }
      },
      "@octokit/auth-token@4.0.0": {
        "integrity": "sha512-tY/msAuJo6ARbK6SPIxZrPBms3xPbfwBrulZe0Wtr/DIY9lje2HeV1uoebShn6mx7SjCHif6EjMvoREj+gZ+SA==",
        "dependencies": {}
      },
      "@octokit/auth-unauthenticated@5.0.1": {
        "integrity": "sha512-oxeWzmBFxWd+XolxKTc4zr+h3mt+yofn4r7OfoIkR/Cj/o70eEGmPsFbueyJE2iBAGpjgTnEOKM3pnuEGVmiqg==",
        "dependencies": {
          "@octokit/request-error": "@octokit/request-error@5.0.1",
          "@octokit/types": "@octokit/types@12.4.0"
        }
      },
      "@octokit/core@5.0.2": {
        "integrity": "sha512-cZUy1gUvd4vttMic7C0lwPed8IYXWYp8kHIMatyhY8t8n3Cpw2ILczkV5pGMPqef7v0bLo0pOHrEHarsau2Ydg==",
        "dependencies": {
          "@octokit/auth-token": "@octokit/auth-token@4.0.0",
          "@octokit/graphql": "@octokit/graphql@7.0.2",
          "@octokit/request": "@octokit/request@8.1.6",
          "@octokit/request-error": "@octokit/request-error@5.0.1",
          "@octokit/types": "@octokit/types@12.4.0",
          "before-after-hook": "before-after-hook@2.2.3",
          "universal-user-agent": "universal-user-agent@6.0.1"
        }
      },
      "@octokit/endpoint@9.0.4": {
        "integrity": "sha512-DWPLtr1Kz3tv8L0UvXTDP1fNwM0S+z6EJpRcvH66orY6Eld4XBMCSYsaWp4xIm61jTWxK68BrR7ibO+vSDnZqw==",
        "dependencies": {
          "@octokit/types": "@octokit/types@12.4.0",
          "universal-user-agent": "universal-user-agent@6.0.1"
        }
      },
      "@octokit/graphql@7.0.2": {
        "integrity": "sha512-OJ2iGMtj5Tg3s6RaXH22cJcxXRi7Y3EBqbHTBRq+PQAqfaS8f/236fUrWhfSn8P4jovyzqucxme7/vWSSZBX2Q==",
        "dependencies": {
          "@octokit/request": "@octokit/request@8.1.6",
          "@octokit/types": "@octokit/types@12.4.0",
          "universal-user-agent": "universal-user-agent@6.0.1"
        }
      },
      "@octokit/oauth-app@6.0.0": {
        "integrity": "sha512-bNMkS+vJ6oz2hCyraT9ZfTpAQ8dZNqJJQVNaKjPLx4ue5RZiFdU1YWXguOPR8AaSHS+lKe+lR3abn2siGd+zow==",
        "dependencies": {
          "@octokit/auth-oauth-app": "@octokit/auth-oauth-app@7.0.1",
          "@octokit/auth-oauth-user": "@octokit/auth-oauth-user@4.0.1",
          "@octokit/auth-unauthenticated": "@octokit/auth-unauthenticated@5.0.1",
          "@octokit/core": "@octokit/core@5.0.2",
          "@octokit/oauth-authorization-url": "@octokit/oauth-authorization-url@6.0.2",
          "@octokit/oauth-methods": "@octokit/oauth-methods@4.0.1",
          "@types/aws-lambda": "@types/aws-lambda@8.10.130",
          "universal-user-agent": "universal-user-agent@6.0.1"
        }
      },
      "@octokit/oauth-authorization-url@6.0.2": {
        "integrity": "sha512-CdoJukjXXxqLNK4y/VOiVzQVjibqoj/xHgInekviUJV73y/BSIcwvJ/4aNHPBPKcPWFnd4/lO9uqRV65jXhcLA==",
        "dependencies": {}
      },
      "@octokit/oauth-methods@4.0.1": {
        "integrity": "sha512-1NdTGCoBHyD6J0n2WGXg9+yDLZrRNZ0moTEex/LSPr49m530WNKcCfXDghofYptr3st3eTii+EHoG5k/o+vbtw==",
        "dependencies": {
          "@octokit/oauth-authorization-url": "@octokit/oauth-authorization-url@6.0.2",
          "@octokit/request": "@octokit/request@8.1.6",
          "@octokit/request-error": "@octokit/request-error@5.0.1",
          "@octokit/types": "@octokit/types@12.4.0",
          "btoa-lite": "btoa-lite@1.0.0"
        }
      },
      "@octokit/openapi-types@19.1.0": {
        "integrity": "sha512-6G+ywGClliGQwRsjvqVYpklIfa7oRPA0vyhPQG/1Feh+B+wU0vGH1JiJ5T25d3g1JZYBHzR2qefLi9x8Gt+cpw==",
        "dependencies": {}
      },
      "@octokit/plugin-paginate-graphql@4.0.0_@octokit+core@5.0.2": {
        "integrity": "sha512-7HcYW5tP7/Z6AETAPU14gp5H5KmCPT3hmJrS/5tO7HIgbwenYmgw4OY9Ma54FDySuxMwD+wsJlxtuGWwuZuItA==",
        "dependencies": {
          "@octokit/core": "@octokit/core@5.0.2"
        }
      },
      "@octokit/plugin-paginate-rest@9.1.5_@octokit+core@5.0.2": {
        "integrity": "sha512-WKTQXxK+bu49qzwv4qKbMMRXej1DU2gq017euWyKVudA6MldaSSQuxtz+vGbhxV4CjxpUxjZu6rM2wfc1FiWVg==",
        "dependencies": {
          "@octokit/core": "@octokit/core@5.0.2",
          "@octokit/types": "@octokit/types@12.4.0"
        }
      },
      "@octokit/plugin-request-log@4.0.0_@octokit+core@5.0.2": {
        "integrity": "sha512-2uJI1COtYCq8Z4yNSnM231TgH50bRkheQ9+aH8TnZanB6QilOnx8RMD2qsnamSOXtDj0ilxvevf5fGsBhBBzKA==",
        "dependencies": {
          "@octokit/core": "@octokit/core@5.0.2"
        }
      },
      "@octokit/plugin-rest-endpoint-methods@10.2.0_@octokit+core@5.0.2": {
        "integrity": "sha512-ePbgBMYtGoRNXDyKGvr9cyHjQ163PbwD0y1MkDJCpkO2YH4OeXX40c4wYHKikHGZcpGPbcRLuy0unPUuafco8Q==",
        "dependencies": {
          "@octokit/core": "@octokit/core@5.0.2",
          "@octokit/types": "@octokit/types@12.4.0"
        }
      },
      "@octokit/plugin-retry@6.0.1_@octokit+core@5.0.2": {
        "integrity": "sha512-SKs+Tz9oj0g4p28qkZwl/topGcb0k0qPNX/i7vBKmDsjoeqnVfFUquqrE/O9oJY7+oLzdCtkiWSXLpLjvl6uog==",
        "dependencies": {
          "@octokit/core": "@octokit/core@5.0.2",
          "@octokit/request-error": "@octokit/request-error@5.0.1",
          "@octokit/types": "@octokit/types@12.4.0",
          "bottleneck": "bottleneck@2.19.5"
        }
      },
      "@octokit/plugin-throttling@8.1.3_@octokit+core@5.0.2": {
        "integrity": "sha512-pfyqaqpc0EXh5Cn4HX9lWYsZ4gGbjnSmUILeu4u2gnuM50K/wIk9s1Pxt3lVeVwekmITgN/nJdoh43Ka+vye8A==",
        "dependencies": {
          "@octokit/core": "@octokit/core@5.0.2",
          "@octokit/types": "@octokit/types@12.4.0",
          "bottleneck": "bottleneck@2.19.5"
        }
      },
      "@octokit/request-error@5.0.1": {
        "integrity": "sha512-X7pnyTMV7MgtGmiXBwmO6M5kIPrntOXdyKZLigNfQWSEQzVxR4a4vo49vJjTWX70mPndj8KhfT4Dx+2Ng3vnBQ==",
        "dependencies": {
          "@octokit/types": "@octokit/types@12.4.0",
          "deprecation": "deprecation@2.3.1",
          "once": "once@1.4.0"
        }
      },
      "@octokit/request@8.1.6": {
        "integrity": "sha512-YhPaGml3ncZC1NfXpP3WZ7iliL1ap6tLkAp6MvbK2fTTPytzVUyUesBBogcdMm86uRYO5rHaM1xIWxigWZ17MQ==",
        "dependencies": {
          "@octokit/endpoint": "@octokit/endpoint@9.0.4",
          "@octokit/request-error": "@octokit/request-error@5.0.1",
          "@octokit/types": "@octokit/types@12.4.0",
          "universal-user-agent": "universal-user-agent@6.0.1"
        }
      },
      "@octokit/rest@20.0.2_@octokit+core@5.0.2": {
        "integrity": "sha512-Ux8NDgEraQ/DMAU1PlAohyfBBXDwhnX2j33Z1nJNziqAfHi70PuxkFYIcIt8aIAxtRE7KVuKp8lSR8pA0J5iOQ==",
        "dependencies": {
          "@octokit/core": "@octokit/core@5.0.2",
          "@octokit/plugin-paginate-rest": "@octokit/plugin-paginate-rest@9.1.5_@octokit+core@5.0.2",
          "@octokit/plugin-request-log": "@octokit/plugin-request-log@4.0.0_@octokit+core@5.0.2",
          "@octokit/plugin-rest-endpoint-methods": "@octokit/plugin-rest-endpoint-methods@10.2.0_@octokit+core@5.0.2"
        }
      },
      "@octokit/types@12.4.0": {
        "integrity": "sha512-FLWs/AvZllw/AGVs+nJ+ELCDZZJk+kY0zMen118xhL2zD0s1etIUHm1odgjP7epxYU1ln7SZxEUWYop5bhsdgQ==",
        "dependencies": {
          "@octokit/openapi-types": "@octokit/openapi-types@19.1.0"
        }
      },
      "@octokit/webhooks-methods@4.0.0": {
        "integrity": "sha512-M8mwmTXp+VeolOS/kfRvsDdW+IO0qJ8kYodM/sAysk093q6ApgmBXwK1ZlUvAwXVrp/YVHp6aArj4auAxUAOFw==",
        "dependencies": {}
      },
      "@octokit/webhooks-types@7.1.0": {
        "integrity": "sha512-y92CpG4kFFtBBjni8LHoV12IegJ+KFxLgKRengrVjKmGE5XMeCuGvlfRe75lTRrgXaG6XIWJlFpIDTlkoJsU8w==",
        "dependencies": {}
      },
      "@octokit/webhooks@12.0.10": {
        "integrity": "sha512-Q8d26l7gZ3L1SSr25NFbbP0B431sovU5r0tIqcvy8Z4PrD1LBv0cJEjvDLOieouzPSTzSzufzRIeXD7S+zAESA==",
        "dependencies": {
          "@octokit/request-error": "@octokit/request-error@5.0.1",
          "@octokit/webhooks-methods": "@octokit/webhooks-methods@4.0.0",
          "@octokit/webhooks-types": "@octokit/webhooks-types@7.1.0",
          "aggregate-error": "aggregate-error@3.1.0"
        }
      },
      "@pkgjs/parseargs@0.11.0": {
        "integrity": "sha512-+1VkjdD0QBLPodGrJUeqarH8VAIvQODIbwh9XpP5Syisf7YoQgsJKPNFoqqLQlu+VQ/tVSshMR6loPMn8U+dPg==",
        "dependencies": {}
      },
      "@types/aws-lambda@8.10.130": {
        "integrity": "sha512-HxTfLeGvD1wTJqIGwcBCpNmHKenja+We1e0cuzeIDFfbEj3ixnlTInyPR/81zAe0Ss/Ip12rFK6XNeMLVucOSg==",
        "dependencies": {}
      },
      "@types/btoa-lite@1.0.2": {
        "integrity": "sha512-ZYbcE2x7yrvNFJiU7xJGrpF/ihpkM7zKgw8bha3LNJSesvTtUNxbpzaT7WXBIryf6jovisrxTBvymxMeLLj1Mg==",
        "dependencies": {}
      },
      "@types/jsonwebtoken@9.0.5": {
        "integrity": "sha512-VRLSGzik+Unrup6BsouBeHsf4d1hOEgYWTm/7Nmw1sXoN1+tRly/Gy/po3yeahnP4jfnQWWAhQAqcNfH7ngOkA==",
        "dependencies": {
          "@types/node": "@types/node@18.16.19"
        }
      },
      "@types/node@18.16.19": {
        "integrity": "sha512-IXl7o+R9iti9eBW4Wg2hx1xQDig183jj7YLn8F7udNceyfkbn1ZxmzZXuak20gR40D7pIkIY1kYGx5VIGbaHKA==",
        "dependencies": {}
      },
      "aggregate-error@3.1.0": {
        "integrity": "sha512-4I7Td01quW/RpocfNayFdFVk1qSuoh0E7JrbRJ16nH01HhKFQ88INq9Sd+nd72zqRySlr9BmDA8xlEJ6vJMrYA==",
        "dependencies": {
          "clean-stack": "clean-stack@2.2.0",
          "indent-string": "indent-string@4.0.0"
        }
      },
      "ansi-regex@5.0.1": {
        "integrity": "sha512-quJQXlTSUGL2LH9SUXo8VwsY4soanhgo6LNSm84E1LBcE8s3O0wpdiRzyR9z/ZZJMlMWv37qOOb9pdJlMUEKFQ==",
        "dependencies": {}
      },
      "ansi-regex@6.0.1": {
        "integrity": "sha512-n5M855fKb2SsfMIiFFoVrABHJC8QtHwVx+mHWP3QcEqBHYienj5dHSgjbxtC0WEZXYt4wcD6zrQElDPhFuZgfA==",
        "dependencies": {}
      },
      "ansi-styles@4.3.0": {
        "integrity": "sha512-zbB9rCJAT1rbjiVDb2hqKFHNYLxgtk8NURxZ3IZwD3F6NtxbXZQCnnSi1Lkx+IDohdPlFp222wVALIheZJQSEg==",
        "dependencies": {
          "color-convert": "color-convert@2.0.1"
        }
      },
      "ansi-styles@6.2.1": {
        "integrity": "sha512-bN798gFfQX+viw3R7yrGWRqnrN2oRkEkUjjl4JNn4E8GxxbjtG3FbrEIIY3l8/hrwUwIeCZvi4QuOTP4MErVug==",
        "dependencies": {}
      },
      "b4a@1.6.4": {
        "integrity": "sha512-fpWrvyVHEKyeEvbKZTVOeZF3VSKKWtJxFIxX/jaVPf+cLbGUSitjb49pHLqPV2BUNNZ0LcoeEGfE/YCpyDYHIw==",
        "dependencies": {}
      },
      "balanced-match@1.0.2": {
        "integrity": "sha512-3oSeUO0TMV67hN1AmbXsK4yaqU7tjiHlbxRDZOpH0KW9+CeX4bRAaX0Anxt0tx2MrpRpWwQaPwIlISEJhYU5Pw==",
        "dependencies": {}
      },
      "before-after-hook@2.2.3": {
        "integrity": "sha512-NzUnlZexiaH/46WDhANlyR2bXRopNg4F/zuSA3OpZnllCUgRaOF2znDioDWrmbNVsuZk6l9pMquQB38cfBZwkQ==",
        "dependencies": {}
      },
      "bottleneck@2.19.5": {
        "integrity": "sha512-VHiNCbI1lKdl44tGrhNfU3lup0Tj/ZBMJB5/2ZbNXRCPuRCO7ed2mgcK4r17y+KB2EfuYuRaVlwNbAeaWGSpbw==",
        "dependencies": {}
      },
      "brace-expansion@2.0.1": {
        "integrity": "sha512-XnAIvQ8eM+kC6aULx6wuQiwVsnzsi9d3WxzV3FpWTGA19F621kwdbsAcFKXgKUHZWsy+mY6iL1sHTxWEFCytDA==",
        "dependencies": {
          "balanced-match": "balanced-match@1.0.2"
        }
      },
      "btoa-lite@1.0.0": {
        "integrity": "sha512-gvW7InbIyF8AicrqWoptdW08pUxuhq8BEgowNajy9RhiE86fmGAGl+bLKo6oB8QP0CkqHLowfN0oJdKC/J6LbA==",
        "dependencies": {}
      },
      "buffer-equal-constant-time@1.0.1": {
        "integrity": "sha512-zRpUiDwd/xk6ADqPMATG8vc9VPrkck7T07OIx0gnjmJAnHnTVXNQG3vfvWNuiZIkwu9KrKdA1iJKfsfTVxE6NA==",
        "dependencies": {}
      },
      "chownr@2.0.0": {
        "integrity": "sha512-bIomtDF5KGpdogkLd9VspvFzk9KfpyyGlS8YFVZl7TGPBHL5snIOnxeshwVgPteQ9b4Eydl+pVbIyE1DcvCWgQ==",
        "dependencies": {}
      },
      "clean-stack@2.2.0": {
        "integrity": "sha512-4diC9HaTE+KRAMWhDhrGOECgWZxoevMc5TlkObMqNSsVU62PYzXZ/SMTjzyGAFF1YusgxGcSWTEXBhp0CPwQ1A==",
        "dependencies": {}
      },
      "color-convert@2.0.1": {
        "integrity": "sha512-RRECPsj7iu/xb5oKYcsFHSppFNnsj/52OVTRKb4zP5onXwVF3zVmmToNcOfGC+CRDpfK/U584fMg38ZHCaElKQ==",
        "dependencies": {
          "color-name": "color-name@1.1.4"
        }
      },
      "color-name@1.1.4": {
        "integrity": "sha512-dOy+3AuW3a2wNbZHIuMZpTcgjGuLU/uBL/ubcZF9OXbDo8ff4O8yVp5Bf0efS8uEoYo5q4Fx7dY9OgQGXgAsQA==",
        "dependencies": {}
      },
      "commander@11.1.0": {
        "integrity": "sha512-yPVavfyCcRhmorC7rWlkHn15b4wDVgVmBA7kV4QVBsF7kv/9TKJAbAXVTxvTnwP8HHKjRCJDClKbciiYS7p0DQ==",
        "dependencies": {}
      },
      "cross-spawn@7.0.3": {
        "integrity": "sha512-iRDPJKUPVEND7dHPO8rkbOnPpyDygcDFtWjpeWNCgy8WP2rXcxXL8TskReQl6OrB2G7+UJrags1q15Fudc7G6w==",
        "dependencies": {
          "path-key": "path-key@3.1.1",
          "shebang-command": "shebang-command@2.0.0",
          "which": "which@2.0.2"
        }
      },
      "deprecation@2.3.1": {
        "integrity": "sha512-xmHIy4F3scKVwMsQ4WnVaS8bHOx0DmVwRywosKhaILI0ywMDWPtBSku2HNxRvF7jtwDRsoEwYQSfbxj8b7RlJQ==",
        "dependencies": {}
      },
      "eastasianwidth@0.2.0": {
        "integrity": "sha512-I88TYZWc9XiYHRQ4/3c5rjjfgkjhLyW2luGIheGERbNQ6OY7yTybanSpDXZa8y7VUP9YmDcYa+eyq4ca7iLqWA==",
        "dependencies": {}
      },
      "ecdsa-sig-formatter@1.0.11": {
        "integrity": "sha512-nagl3RYrbNv6kQkeJIpt6NJZy8twLB/2vtz6yN9Z4vRKHN4/QZJIEbqohALSgwKdnksuY3k5Addp5lg8sVoVcQ==",
        "dependencies": {
          "safe-buffer": "safe-buffer@5.2.1"
        }
      },
      "emoji-regex@8.0.0": {
        "integrity": "sha512-MSjYzcWNOA0ewAHpz0MxpYFvwg6yjy1NG3xteoqz644VCo/RPgnr1/GGt+ic3iJTzQ8Eu3TdM14SawnVUmGE6A==",
        "dependencies": {}
      },
      "emoji-regex@9.2.2": {
        "integrity": "sha512-L18DaJsXSUk2+42pv8mLs5jJT2hqFkFE4j21wOmgbUqsZ2hL72NsUU785g9RXgo3s0ZNgVl42TiHp3ZtOv/Vyg==",
        "dependencies": {}
      },
      "end-of-stream@1.4.4": {
        "integrity": "sha512-+uw1inIHVPQoaVuHzRyXd21icM+cnt4CzD5rW+NC1wjOUSTOs+Te7FOv7AhN7vS9x/oIyhLP5PR1H+phQAHu5Q==",
        "dependencies": {
          "once": "once@1.4.0"
        }
      },
      "fast-fifo@1.3.2": {
        "integrity": "sha512-/d9sfos4yxzpwkDkuN7k2SqFKtYNmCTzgfEpz82x34IM9/zc8KGxQoXg1liNC/izpRM/MBdt44Nmx41ZWqk+FQ==",
        "dependencies": {}
      },
      "foreground-child@3.1.1": {
        "integrity": "sha512-TMKDUnIte6bfb5nWv7V/caI169OHgvwjb7V4WkeUvbQQdjr5rWKqHFiKWb/fcOwB+CzBT+qbWjvj+DVwRskpIg==",
        "dependencies": {
          "cross-spawn": "cross-spawn@7.0.3",
          "signal-exit": "signal-exit@4.1.0"
        }
      },
      "fs-minipass@2.1.0": {
        "integrity": "sha512-V/JgOLFCS+R6Vcq0slCuaeWEdNC3ouDlJMNIsacH2VtALiu9mV4LPrHc5cDl8k5aw6J8jwgWWpiTo5RYhmIzvg==",
        "dependencies": {
          "minipass": "minipass@3.3.6"
        }
      },
      "glob@10.3.10": {
        "integrity": "sha512-fa46+tv1Ak0UPK1TOy/pZrIybNNt4HCv7SDzwyfiOZkvZLEbjsZkJBPtDHVshZjbecAoAGSC20MjLDG/qr679g==",
        "dependencies": {
          "foreground-child": "foreground-child@3.1.1",
          "jackspeak": "jackspeak@2.3.6",
          "minimatch": "minimatch@9.0.3",
          "minipass": "minipass@7.0.4",
          "path-scurry": "path-scurry@1.10.1"
        }
      },
      "indent-string@4.0.0": {
        "integrity": "sha512-EdDDZu4A2OyIK7Lr/2zG+w5jmbuk1DVBnEwREQvBzspBJkCEbRa8GxU1lghYcaGJCnRWibjDXlq779X1/y5xwg==",
        "dependencies": {}
      },
      "is-fullwidth-code-point@3.0.0": {
        "integrity": "sha512-zymm5+u+sCsSWyD9qNaejV3DFvhCKclKdizYaJUuHA83RLjb7nSuGnddCHGv0hk+KY7BMAlsWeK4Ueg6EV6XQg==",
        "dependencies": {}
      },
      "isexe@2.0.0": {
        "integrity": "sha512-RHxMLp9lnKHGHRng9QFhRCMbYAcVpn69smSGcq3f36xjgVVWThj4qqLbTLlq7Ssj8B+fIQ1EuCEGI2lKsyQeIw==",
        "dependencies": {}
      },
      "jackspeak@2.3.6": {
        "integrity": "sha512-N3yCS/NegsOBokc8GAdM8UcmfsKiSS8cipheD/nivzr700H+nsMOxJjQnvwOcRYVuFkdH0wGUvW2WbXGmrZGbQ==",
        "dependencies": {
          "@isaacs/cliui": "@isaacs/cliui@8.0.2",
          "@pkgjs/parseargs": "@pkgjs/parseargs@0.11.0"
        }
      },
      "jsonwebtoken@9.0.2": {
        "integrity": "sha512-PRp66vJ865SSqOlgqS8hujT5U4AOgMfhrwYIuIhfKaoSCZcirrmASQr8CX7cUg+RMih+hgznrjp99o+W4pJLHQ==",
        "dependencies": {
          "jws": "jws@3.2.2",
          "lodash.includes": "lodash.includes@4.3.0",
          "lodash.isboolean": "lodash.isboolean@3.0.3",
          "lodash.isinteger": "lodash.isinteger@4.0.4",
          "lodash.isnumber": "lodash.isnumber@3.0.3",
          "lodash.isplainobject": "lodash.isplainobject@4.0.6",
          "lodash.isstring": "lodash.isstring@4.0.1",
          "lodash.once": "lodash.once@4.1.1",
          "ms": "ms@2.1.3",
          "semver": "semver@7.5.4"
        }
      },
      "jwa@1.4.1": {
        "integrity": "sha512-qiLX/xhEEFKUAJ6FiBMbes3w9ATzyk5W7Hvzpa/SLYdxNtng+gcurvrI7TbACjIXlsJyr05/S1oUhZrc63evQA==",
        "dependencies": {
          "buffer-equal-constant-time": "buffer-equal-constant-time@1.0.1",
          "ecdsa-sig-formatter": "ecdsa-sig-formatter@1.0.11",
          "safe-buffer": "safe-buffer@5.2.1"
        }
      },
      "jws@3.2.2": {
        "integrity": "sha512-YHlZCB6lMTllWDtSPHz/ZXTsi8S00usEV6v1tjq8tOUZzw7DpSDWVXjXDre6ed1w/pd495ODpHZYSdkRTsa0HA==",
        "dependencies": {
          "jwa": "jwa@1.4.1",
          "safe-buffer": "safe-buffer@5.2.1"
        }
      },
      "lodash.includes@4.3.0": {
        "integrity": "sha512-W3Bx6mdkRTGtlJISOvVD/lbqjTlPPUDTMnlXZFnVwi9NKJ6tiAk6LVdlhZMm17VZisqhKcgzpO5Wz91PCt5b0w==",
        "dependencies": {}
      },
      "lodash.isboolean@3.0.3": {
        "integrity": "sha512-Bz5mupy2SVbPHURB98VAcw+aHh4vRV5IPNhILUCsOzRmsTmSQ17jIuqopAentWoehktxGd9e/hbIXq980/1QJg==",
        "dependencies": {}
      },
      "lodash.isinteger@4.0.4": {
        "integrity": "sha512-DBwtEWN2caHQ9/imiNeEA5ys1JoRtRfY3d7V9wkqtbycnAmTvRRmbHKDV4a0EYc678/dia0jrte4tjYwVBaZUA==",
        "dependencies": {}
      },
      "lodash.isnumber@3.0.3": {
        "integrity": "sha512-QYqzpfwO3/CWf3XP+Z+tkQsfaLL/EnUlXWVkIk5FUPc4sBdTehEqZONuyRt2P67PXAk+NXmTBcc97zw9t1FQrw==",
        "dependencies": {}
      },
      "lodash.isplainobject@4.0.6": {
        "integrity": "sha512-oSXzaWypCMHkPC3NvBEaPHf0KsA5mvPrOPgQWDsbg8n7orZ290M0BmC/jgRZ4vcJ6DTAhjrsSYgdsW/F+MFOBA==",
        "dependencies": {}
      },
      "lodash.isstring@4.0.1": {
        "integrity": "sha512-0wJxfxH1wgO3GrbuP+dTTk7op+6L41QCXbGINEmD+ny/G/eCqGzxyCsh7159S+mgDDcoarnBw6PC1PS5+wUGgw==",
        "dependencies": {}
      },
      "lodash.once@4.1.1": {
        "integrity": "sha512-Sb487aTOCr9drQVL8pIxOzVhafOjZN9UU54hiN8PU3uAiSV7lx1yYNpbNmex2PK6dSJoNTSJUUswT651yww3Mg==",
        "dependencies": {}
      },
      "lru-cache@10.1.0": {
        "integrity": "sha512-/1clY/ui8CzjKFyjdvwPWJUYKiFVXG2I2cY0ssG7h4+hwk+XOIX7ZSG9Q7TW8TW3Kp3BUSqgFWBLgL4PJ+Blag==",
        "dependencies": {}
      },
      "lru-cache@6.0.0": {
        "integrity": "sha512-Jo6dJ04CmSjuznwJSS3pUeWmd/H0ffTlkXXgwZi+eq1UCmqQwCh+eLsYOYCwY991i2Fah4h1BEMCx4qThGbsiA==",
        "dependencies": {
          "yallist": "yallist@4.0.0"
        }
      },
      "minimatch@9.0.3": {
        "integrity": "sha512-RHiac9mvaRw0x3AYRgDC1CxAP7HTcNrrECeA8YYJeWnpo+2Q5CegtZjaotWTWxDG3UeGA1coE05iH1mPjT/2mg==",
        "dependencies": {
          "brace-expansion": "brace-expansion@2.0.1"
        }
      },
      "minipass@3.3.6": {
        "integrity": "sha512-DxiNidxSEK+tHG6zOIklvNOwm3hvCrbUrdtzY74U6HKTJxvIDfOUL5W5P2Ghd3DTkhhKPYGqeNUIh5qcM4YBfw==",
        "dependencies": {
          "yallist": "yallist@4.0.0"
        }
      },
      "minipass@5.0.0": {
        "integrity": "sha512-3FnjYuehv9k6ovOEbyOswadCDPX1piCfhV8ncmYtHOjuPwylVWsghTLo7rabjC3Rx5xD4HDx8Wm1xnMF7S5qFQ==",
        "dependencies": {}
      },
      "minipass@7.0.4": {
        "integrity": "sha512-jYofLM5Dam9279rdkWzqHozUo4ybjdZmCsDHePy5V/PbBcVMiSZR97gmAy45aqi8CK1lG2ECd356FU86avfwUQ==",
        "dependencies": {}
      },
      "minizlib@2.1.2": {
        "integrity": "sha512-bAxsR8BVfj60DWXHE3u30oHzfl4G7khkSuPW+qvpd7jFRHm7dLxOjUk1EHACJ/hxLY8phGJ0YhYHZo7jil7Qdg==",
        "dependencies": {
          "minipass": "minipass@3.3.6",
          "yallist": "yallist@4.0.0"
        }
      },
      "mkdirp-classic@0.5.3": {
        "integrity": "sha512-gKLcREMhtuZRwRAfqP3RFW+TK4JqApVBtOIftVgjuABpAtpxhPGaDcfvbhNvD0B8iD1oUr/txX35NjcaY6Ns/A==",
        "dependencies": {}
      },
      "mkdirp@1.0.4": {
        "integrity": "sha512-vVqVZQyf3WLx2Shd0qJ9xuvqgAyKPLAiqITEtqW0oIUjzo3PePDd6fW9iFz30ef7Ysp/oiWqbhszeGWW2T6Gzw==",
        "dependencies": {}
      },
      "ms@2.1.3": {
        "integrity": "sha512-6FlzubTLZG3J2a/NVCAleEhjzq5oxgHyaCU9yYXvcLsvoVaHJq/s5xXI6/XXP6tz7R9xAOtHnSO/tXtF3WRTlA==",
        "dependencies": {}
      },
      "octokit@3.1.2_@octokit+core@5.0.2": {
        "integrity": "sha512-MG5qmrTL5y8KYwFgE1A4JWmgfQBaIETE/lOlfwNYx1QOtCQHGVxkRJmdUJltFc1HVn73d61TlMhMyNTOtMl+ng==",
        "dependencies": {
          "@octokit/app": "@octokit/app@14.0.2_@octokit+core@5.0.2",
          "@octokit/core": "@octokit/core@5.0.2",
          "@octokit/oauth-app": "@octokit/oauth-app@6.0.0",
          "@octokit/plugin-paginate-graphql": "@octokit/plugin-paginate-graphql@4.0.0_@octokit+core@5.0.2",
          "@octokit/plugin-paginate-rest": "@octokit/plugin-paginate-rest@9.1.5_@octokit+core@5.0.2",
          "@octokit/plugin-rest-endpoint-methods": "@octokit/plugin-rest-endpoint-methods@10.2.0_@octokit+core@5.0.2",
          "@octokit/plugin-retry": "@octokit/plugin-retry@6.0.1_@octokit+core@5.0.2",
          "@octokit/plugin-throttling": "@octokit/plugin-throttling@8.1.3_@octokit+core@5.0.2",
          "@octokit/request-error": "@octokit/request-error@5.0.1",
          "@octokit/types": "@octokit/types@12.4.0"
        }
      },
      "once@1.4.0": {
        "integrity": "sha512-lNaJgI+2Q5URQBkccEKHTQOPaXdUxnZZElQTZY0MFUAuaEqe1E+Nyvgdz/aIyNi6Z9MzO5dv1H8n58/GELp3+w==",
        "dependencies": {
          "wrappy": "wrappy@1.0.2"
        }
      },
      "path-key@3.1.1": {
        "integrity": "sha512-ojmeN0qd+y0jszEtoY48r0Peq5dwMEkIlCOu6Q5f41lfkswXuKtYrhgoTpLnyIcHm24Uhqx+5Tqm2InSwLhE6Q==",
        "dependencies": {}
      },
      "path-scurry@1.10.1": {
        "integrity": "sha512-MkhCqzzBEpPvxxQ71Md0b1Kk51W01lrYvlMzSUaIzNsODdd7mqhiimSZlr+VegAz5Z6Vzt9Xg2ttE//XBhH3EQ==",
        "dependencies": {
          "lru-cache": "lru-cache@10.1.0",
          "minipass": "minipass@7.0.4"
        }
      },
      "pump@3.0.0": {
        "integrity": "sha512-LwZy+p3SFs1Pytd/jYct4wpv49HiYCqd9Rlc5ZVdk0V+8Yzv6jR5Blk3TRmPL1ft69TxP0IMZGJ+WPFU2BFhww==",
        "dependencies": {
          "end-of-stream": "end-of-stream@1.4.4",
          "once": "once@1.4.0"
        }
      },
      "queue-tick@1.0.1": {
        "integrity": "sha512-kJt5qhMxoszgU/62PLP1CJytzd2NKetjSRnyuj31fDd3Rlcz3fzlFdFLD1SItunPwyqEOkca6GbV612BWfaBag==",
        "dependencies": {}
      },
      "safe-buffer@5.2.1": {
        "integrity": "sha512-rp3So07KcdmmKbGvgaNxQSJr7bGVSVk5S9Eq1F+ppbRo70+YeaDxkw5Dd8NPN+GD6bjnYm2VuPuCXmpuYvmCXQ==",
        "dependencies": {}
      },
      "semver@7.5.4": {
        "integrity": "sha512-1bCSESV6Pv+i21Hvpxp3Dx+pSD8lIPt8uVjRrxAUt/nbswYc+tK6Y2btiULjd4+fnq15PX+nqQDC7Oft7WkwcA==",
        "dependencies": {
          "lru-cache": "lru-cache@6.0.0"
        }
      },
      "shebang-command@2.0.0": {
        "integrity": "sha512-kHxr2zZpYtdmrN1qDjrrX/Z1rR1kG8Dx+gkpK1G4eXmvXswmcE1hTWBWYUzlraYw1/yZp6YuDY77YtvbN0dmDA==",
        "dependencies": {
          "shebang-regex": "shebang-regex@3.0.0"
        }
      },
      "shebang-regex@3.0.0": {
        "integrity": "sha512-7++dFhtcx3353uBaq8DDR4NuxBetBzC7ZQOhmTQInHEd6bSrXdiEyzCvG07Z44UYdLShWUyXt5M/yhz8ekcb1A==",
        "dependencies": {}
      },
      "signal-exit@4.1.0": {
        "integrity": "sha512-bzyZ1e88w9O1iNJbKnOlvYTrWPDl46O1bG0D3XInv+9tkPrxrN8jUUTiFlDkkmKWgn1M6CfIA13SuGqOa9Korw==",
        "dependencies": {}
      },
      "streamx@2.15.6": {
        "integrity": "sha512-q+vQL4AAz+FdfT137VF69Cc/APqUbxy+MDOImRrMvchJpigHj9GksgDU2LYbO9rx7RX6osWgxJB2WxhYv4SZAw==",
        "dependencies": {
          "fast-fifo": "fast-fifo@1.3.2",
          "queue-tick": "queue-tick@1.0.1"
        }
      },
      "string-width@4.2.3": {
        "integrity": "sha512-wKyQRQpjJ0sIp62ErSZdGsjMJWsap5oRNihHhu6G7JVO/9jIB6UyevL+tXuOqrng8j/cxKTWyWUwvSTriiZz/g==",
        "dependencies": {
          "emoji-regex": "emoji-regex@8.0.0",
          "is-fullwidth-code-point": "is-fullwidth-code-point@3.0.0",
          "strip-ansi": "strip-ansi@6.0.1"
        }
      },
      "string-width@5.1.2": {
        "integrity": "sha512-HnLOCR3vjcY8beoNLtcjZ5/nxn2afmME6lhrDrebokqMap+XbeW8n9TXpPDOqdGK5qcI3oT0GKTW6wC7EMiVqA==",
        "dependencies": {
          "eastasianwidth": "eastasianwidth@0.2.0",
          "emoji-regex": "emoji-regex@9.2.2",
          "strip-ansi": "strip-ansi@7.1.0"
        }
      },
      "strip-ansi@6.0.1": {
        "integrity": "sha512-Y38VPSHcqkFrCpFnQ9vuSXmquuv5oXOKpGeT6aGrr3o3Gc9AlVa6JBfUSOCnbxGGZF+/0ooI7KrPuUSztUdU5A==",
        "dependencies": {
          "ansi-regex": "ansi-regex@5.0.1"
        }
      },
      "strip-ansi@7.1.0": {
        "integrity": "sha512-iq6eVVI64nQQTRYq2KtEg2d2uU7LElhTJwsH4YzIHZshxlgZms/wIc4VoDQTlG/IvVIrBKG06CrZnp0qv7hkcQ==",
        "dependencies": {
          "ansi-regex": "ansi-regex@6.0.1"
        }
      },
      "tar-fs@3.0.4": {
        "integrity": "sha512-5AFQU8b9qLfZCX9zp2duONhPmZv0hGYiBPJsyUdqMjzq/mqVpy/rEUSeHk1+YitmxugaptgBh5oDGU3VsAJq4w==",
        "dependencies": {
          "mkdirp-classic": "mkdirp-classic@0.5.3",
          "pump": "pump@3.0.0",
          "tar-stream": "tar-stream@3.1.6"
        }
      },
      "tar-stream@3.1.6": {
        "integrity": "sha512-B/UyjYwPpMBv+PaFSWAmtYjwdrlEaZQEhMIBFNC5oEG8lpiW8XjcSdmEaClj28ArfKScKHs2nshz3k2le6crsg==",
        "dependencies": {
          "b4a": "b4a@1.6.4",
          "fast-fifo": "fast-fifo@1.3.2",
          "streamx": "streamx@2.15.6"
        }
      },
      "tar@6.2.0": {
        "integrity": "sha512-/Wo7DcT0u5HUV486xg675HtjNd3BXZ6xDbzsCUZPt5iw8bTQ63bP0Raut3mvro9u+CUyq7YQd8Cx55fsZXxqLQ==",
        "dependencies": {
          "chownr": "chownr@2.0.0",
          "fs-minipass": "fs-minipass@2.1.0",
          "minipass": "minipass@5.0.0",
          "minizlib": "minizlib@2.1.2",
          "mkdirp": "mkdirp@1.0.4",
          "yallist": "yallist@4.0.0"
        }
      },
      "universal-github-app-jwt@1.1.1": {
        "integrity": "sha512-G33RTLrIBMFmlDV4u4CBF7dh71eWwykck4XgaxaIVeZKOYZRAAxvcGMRFTUclVY6xoUPQvO4Ne5wKGxYm/Yy9w==",
        "dependencies": {
          "@types/jsonwebtoken": "@types/jsonwebtoken@9.0.5",
          "jsonwebtoken": "jsonwebtoken@9.0.2"
        }
      },
      "universal-user-agent@6.0.1": {
        "integrity": "sha512-yCzhz6FN2wU1NiiQRogkTQszlQSlpWaw8SvVegAc+bDxbzHgh1vX8uIe8OYyMH6DwH+sdTJsgMl36+mSMdRJIQ==",
        "dependencies": {}
      },
      "which@2.0.2": {
        "integrity": "sha512-BLI3Tl1TW3Pvl70l3yq3Y64i+awpwXqsGBYWkkqMtnbXgrMD+yj7rhW0kuEDxzJaYXGjEW5ogapKNMEKNMjibA==",
        "dependencies": {
          "isexe": "isexe@2.0.0"
        }
      },
      "wrap-ansi@7.0.0": {
        "integrity": "sha512-YVGIj2kamLSTxw6NsZjoBxfSwsn0ycdesmc4p+Q21c5zPuZ1pl+NfxVdxPtdHvmNVOQ6XSYG4AUtyt/Fi7D16Q==",
        "dependencies": {
          "ansi-styles": "ansi-styles@4.3.0",
          "string-width": "string-width@4.2.3",
          "strip-ansi": "strip-ansi@6.0.1"
        }
      },
      "wrap-ansi@8.1.0": {
        "integrity": "sha512-si7QWI6zUMq56bESFvagtmzMdGOtoxfR+Sez11Mobfc7tm+VkUckk9bW2UeffTGVUbOksxmSw0AA2gs8g71NCQ==",
        "dependencies": {
          "ansi-styles": "ansi-styles@6.2.1",
          "string-width": "string-width@5.1.2",
          "strip-ansi": "strip-ansi@7.1.0"
        }
      },
      "wrappy@1.0.2": {
        "integrity": "sha512-l4Sp/DRseor9wL6EvV2+TuQn63dMkPjZ/sp9XkghTEbV9KlPS1xUsZ3u7/IQO4wxtcFB4bgpQPRcR3QCvezPcQ==",
        "dependencies": {}
      },
      "yallist@4.0.0": {
        "integrity": "sha512-3wdGidZyq5PB084XLES5TpOSRA3wjXAlIWMhum2kRcv/41Sn2emQ0dycQW4uZXLejwKvg6EsvbdlVL+FYEct7A==",
        "dependencies": {}
      }
    }
  },
  "redirects": {
    "https://deno.land/std/assert/mod.ts": "https://deno.land/std@0.208.0/assert/mod.ts",
    "https://deno.land/std/testing/bdd.ts": "https://deno.land/std@0.208.0/testing/bdd.ts",
    "https://esm.sh/commander": "https://esm.sh/commander@11.1.0",
    "https://esm.sh/commander@11": "https://esm.sh/commander@11.1.0",
    "https://esm.sh/octokit": "https://esm.sh/octokit@3.1.2",
    "https://esm.sh/octokit@3.1": "https://esm.sh/octokit@3.1.2"
  },
  "remote": {
    "https://deno.land/std@0.208.0/assert/_constants.ts": "8a9da298c26750b28b326b297316cdde860bc237533b07e1337c021379e6b2a9",
    "https://deno.land/std@0.208.0/assert/_diff.ts": "58e1461cc61d8eb1eacbf2a010932bf6a05b79344b02ca38095f9b805795dc48",
    "https://deno.land/std@0.208.0/assert/_format.ts": "a69126e8a469009adf4cf2a50af889aca364c349797e63174884a52ff75cf4c7",
    "https://deno.land/std@0.208.0/assert/assert.ts": "9a97dad6d98c238938e7540736b826440ad8c1c1e54430ca4c4e623e585607ee",
    "https://deno.land/std@0.208.0/assert/assert_almost_equals.ts": "e15ca1f34d0d5e0afae63b3f5d975cbd18335a132e42b0c747d282f62ad2cd6c",
    "https://deno.land/std@0.208.0/assert/assert_array_includes.ts": "6856d7f2c3544bc6e62fb4646dfefa3d1df5ff14744d1bca19f0cbaf3b0d66c9",
    "https://deno.land/std@0.208.0/assert/assert_equals.ts": "d8ec8a22447fbaf2fc9d7c3ed2e66790fdb74beae3e482855d75782218d68227",
    "https://deno.land/std@0.208.0/assert/assert_exists.ts": "407cb6b9fb23a835cd8d5ad804e2e2edbbbf3870e322d53f79e1c7a512e2efd7",
    "https://deno.land/std@0.208.0/assert/assert_false.ts": "0ccbcaae910f52c857192ff16ea08bda40fdc79de80846c206bfc061e8c851c6",
    "https://deno.land/std@0.208.0/assert/assert_greater.ts": "ae2158a2d19313bf675bf7251d31c6dc52973edb12ac64ac8fc7064152af3e63",
    "https://deno.land/std@0.208.0/assert/assert_greater_or_equal.ts": "1439da5ebbe20855446cac50097ac78b9742abe8e9a43e7de1ce1426d556e89c",
    "https://deno.land/std@0.208.0/assert/assert_instance_of.ts": "3aedb3d8186e120812d2b3a5dea66a6e42bf8c57a8bd927645770bd21eea554c",
    "https://deno.land/std@0.208.0/assert/assert_is_error.ts": "c21113094a51a296ffaf036767d616a78a2ae5f9f7bbd464cd0197476498b94b",
    "https://deno.land/std@0.208.0/assert/assert_less.ts": "aec695db57db42ec3e2b62e97e1e93db0063f5a6ec133326cc290ff4b71b47e4",
    "https://deno.land/std@0.208.0/assert/assert_less_or_equal.ts": "5fa8b6a3ffa20fd0a05032fe7257bf985d207b85685fdbcd23651b70f928c848",
    "https://deno.land/std@0.208.0/assert/assert_match.ts": "c4083f80600bc190309903c95e397a7c9257ff8b5ae5c7ef91e834704e672e9b",
    "https://deno.land/std@0.208.0/assert/assert_not_equals.ts": "9f1acab95bd1f5fc9a1b17b8027d894509a745d91bac1718fdab51dc76831754",
    "https://deno.land/std@0.208.0/assert/assert_not_instance_of.ts": "0c14d3dfd9ab7a5276ed8ed0b18c703d79a3d106102077ec437bfe7ed912bd22",
    "https://deno.land/std@0.208.0/assert/assert_not_match.ts": "3796a5b0c57a1ce6c1c57883dd4286be13a26f715ea662318ab43a8491a13ab0",
    "https://deno.land/std@0.208.0/assert/assert_not_strict_equals.ts": "4cdef83df17488df555c8aac1f7f5ec2b84ad161b6d0645ccdbcc17654e80c99",
    "https://deno.land/std@0.208.0/assert/assert_object_match.ts": "d8fc2867cfd92eeacf9cea621e10336b666de1874a6767b5ec48988838370b54",
    "https://deno.land/std@0.208.0/assert/assert_rejects.ts": "45c59724de2701e3b1f67c391d6c71c392363635aad3f68a1b3408f9efca0057",
    "https://deno.land/std@0.208.0/assert/assert_strict_equals.ts": "b1f538a7ea5f8348aeca261d4f9ca603127c665e0f2bbfeb91fa272787c87265",
    "https://deno.land/std@0.208.0/assert/assert_string_includes.ts": "b821d39ebf5cb0200a348863c86d8c4c4b398e02012ce74ad15666fc4b631b0c",
    "https://deno.land/std@0.208.0/assert/assert_throws.ts": "63784e951475cb7bdfd59878cd25a0931e18f6dc32a6077c454b2cd94f4f4bcd",
    "https://deno.land/std@0.208.0/assert/assertion_error.ts": "4d0bde9b374dfbcbe8ac23f54f567b77024fb67dbb1906a852d67fe050d42f56",
    "https://deno.land/std@0.208.0/assert/equal.ts": "9f1a46d5993966d2596c44e5858eec821859b45f783a5ee2f7a695dfc12d8ece",
    "https://deno.land/std@0.208.0/assert/fail.ts": "c36353d7ae6e1f7933d45f8ea51e358c8c4b67d7e7502028598fe1fea062e278",
    "https://deno.land/std@0.208.0/assert/mod.ts": "37c49a26aae2b254bbe25723434dc28cd7532e444cf0b481a97c045d110ec085",
    "https://deno.land/std@0.208.0/assert/unimplemented.ts": "d56fbeecb1f108331a380f72e3e010a1f161baa6956fd0f7cf3e095ae1a4c75a",
    "https://deno.land/std@0.208.0/assert/unreachable.ts": "4600dc0baf7d9c15a7f7d234f00c23bca8f3eba8b140286aaca7aa998cf9a536",
    "https://deno.land/std@0.208.0/fmt/colors.ts": "34b3f77432925eb72cf0bfb351616949746768620b8e5ead66da532f93d10ba2",
    "https://deno.land/std@0.208.0/testing/_test_suite.ts": "30f018feeb3835f12ab198d8a518f9089b1bcb2e8c838a8b615ab10d5005465c",
    "https://deno.land/std@0.208.0/testing/bdd.ts": "c41f019786c4a9112aadb7e5a7bbcc711f58429ac5904b3855fa248ba5fa0ba6",
    "https://deno.land/std@0.208.0/yaml/_dumper/dumper.ts": "717403d0e700de783f2ef5c906b3d7245383e1509fc050e7ff5d4a53a03dbf40",
    "https://deno.land/std@0.208.0/yaml/_dumper/dumper_state.ts": "f0d0673ceea288334061ca34b63954c2bb5feb5bf6de5e4cfe9a942cdf6e5efe",
    "https://deno.land/std@0.208.0/yaml/_error.ts": "b59e2c76ce5a47b1b9fa0ff9f96c1dd92ea1e1b17ce4347ece5944a95c3c1a84",
    "https://deno.land/std@0.208.0/yaml/_loader/loader.ts": "63ec7f0a265dbbabc54b25a4beefff7650e205160a2d75c7d8f8363b5f84851a",
    "https://deno.land/std@0.208.0/yaml/_loader/loader_state.ts": "0841870b467169269d7c2dfa75cd288c319bc06f65edd9e42c29e5fced91c7a4",
    "https://deno.land/std@0.208.0/yaml/_mark.ts": "dcd8585dee585e024475e9f3fe27d29740670fb64ebb970388094cad0fc11d5d",
    "https://deno.land/std@0.208.0/yaml/_state.ts": "ef03d55ec235d48dcfbecc0ab3ade90bfae69a61094846e08003421c2cf5cfc6",
    "https://deno.land/std@0.208.0/yaml/_type/binary.ts": "24d49614463a7339a8a16d894919c2ec18a10588ae360ec352093b60e2cc8b0d",
    "https://deno.land/std@0.208.0/yaml/_type/bool.ts": "5bfa75da84343d45347b521ba4e5aeace9fe6f53447405290d53315a3fc20e66",
    "https://deno.land/std@0.208.0/yaml/_type/float.ts": "056bd3cb9c5586238b20517511014fb24b0e36f98f9f6073e12da308b6b9808a",
    "https://deno.land/std@0.208.0/yaml/_type/function.ts": "ff574fe84a750695302864e1c31b93f12d14ada4bde79a5f93197fc33ad17471",
    "https://deno.land/std@0.208.0/yaml/_type/int.ts": "563ad074f0fa7aecf6b6c3d84135bcc95a8269dcc15de878de20ce868fd773fa",
    "https://deno.land/std@0.208.0/yaml/_type/map.ts": "7b105e4ab03a361c61e7e335a0baf4d40f06460b13920e5af3fb2783a1464000",
    "https://deno.land/std@0.208.0/yaml/_type/merge.ts": "8192bf3e4d637f32567917f48bb276043da9cf729cf594e5ec191f7cd229337e",
    "https://deno.land/std@0.208.0/yaml/_type/mod.ts": "060e2b3d38725094b77ea3a3f05fc7e671fced8e67ca18e525be98c4aa8f4bbb",
    "https://deno.land/std@0.208.0/yaml/_type/nil.ts": "606e8f0c44d73117c81abec822f89ef81e40f712258c74f186baa1af659b8887",
    "https://deno.land/std@0.208.0/yaml/_type/omap.ts": "cfe59a294726f5cea705c39a61fd2b08199cf48f4ccd6b040cb550ec0f38d0a1",
    "https://deno.land/std@0.208.0/yaml/_type/pairs.ts": "0032fdfe57558d21696a4f8cf5b5cfd1f698743177080affc18629685c905666",
    "https://deno.land/std@0.208.0/yaml/_type/regexp.ts": "1ce118de15b2da43b4bd8e4395f42d448b731acf3bdaf7c888f40789f9a95f8b",
    "https://deno.land/std@0.208.0/yaml/_type/seq.ts": "95333abeec8a7e4d967b8c8328b269e342a4bbdd2585395549b9c4f58c8533a2",
    "https://deno.land/std@0.208.0/yaml/_type/set.ts": "f28ba44e632ef2a6eb580486fd47a460445eeddbdf1dbc739c3e62486f566092",
    "https://deno.land/std@0.208.0/yaml/_type/str.ts": "a67a3c6e429d95041399e964015511779b1130ea5889fa257c48457bd3446e31",
    "https://deno.land/std@0.208.0/yaml/_type/timestamp.ts": "706ea80a76a73e48efaeb400ace087da1f927647b53ad6f754f4e06d51af087f",
    "https://deno.land/std@0.208.0/yaml/_type/undefined.ts": "94a316ca450597ccbc6750cbd79097ad0d5f3a019797eed3c841a040c29540ba",
    "https://deno.land/std@0.208.0/yaml/_utils.ts": "26b311f0d42a7ce025060bd6320a68b50e52fd24a839581eb31734cd48e20393",
    "https://deno.land/std@0.208.0/yaml/mod.ts": "28ecda6652f3e7a7735ee29c247bfbd32a2e2fc5724068e9fd173ec4e59f66f7",
    "https://deno.land/std@0.208.0/yaml/parse.ts": "1fbbda572bf3fff578b6482c0d8b85097a38de3176bf3ab2ca70c25fb0c960ef",
    "https://deno.land/std@0.208.0/yaml/schema.ts": "96908b78dc50c340074b93fc1598d5e7e2fe59103f89ff81e5a49b2dedf77a67",
    "https://deno.land/std@0.208.0/yaml/schema/core.ts": "fa406f18ceedc87a50e28bb90ec7a4c09eebb337f94ef17468349794fa828639",
    "https://deno.land/std@0.208.0/yaml/schema/default.ts": "0047e80ae8a4a93293bc4c557ae8a546aabd46bb7165b9d9b940d57b4d88bde9",
    "https://deno.land/std@0.208.0/yaml/schema/extended.ts": "0784416bf062d20a1626b53c03380e265b3e39b9409afb9f4cb7d659fd71e60d",
    "https://deno.land/std@0.208.0/yaml/schema/failsafe.ts": "d219ab5febc43f770917d8ec37735a4b1ad671149846cbdcade767832b42b92b",
    "https://deno.land/std@0.208.0/yaml/schema/json.ts": "5f41dd7c2f1ad545ef6238633ce9ee3d444dfc5a18101e1768bd5504bf90e5e5",
    "https://deno.land/std@0.208.0/yaml/schema/mod.ts": "4472e827bab5025e92bc2eb2eeefa70ecbefc64b2799b765c69af84822efef32",
    "https://deno.land/std@0.208.0/yaml/stringify.ts": "fffc09c65c68d3d63f8159e8cbaa3f489bc20a8e55b4fbb61a8c2e9f914d1d02",
    "https://deno.land/std@0.208.0/yaml/type.ts": "65553da3da3c029b6589c6e4903f0afbea6768be8fca61580711457151f2b30f",
    "https://esm.sh/commander@11.1.0": "fafc3a4dc9d6640f81c1e15a379ec183a603ebfa277afdda62f332c75703bb7c",
    "https://esm.sh/v135/commander@11.1.0/denonext/commander.mjs": "c0fff3cdc938c9bc230428d87bb6dbf7b52c5592a7206c242e8f5dcd2c910627",
    "https://esm.sh/v135/once@1.4.0/denonext/once.mjs": "5ab9193c36609f6c5cf6f1e2e37dd952c87d8ff0b0267433c29b228a2c470cd5",
    "https://esm.sh/v135/wrappy@1.0.2/denonext/wrappy.mjs": "3c31e4782e0307cf56b319fcec6110f925dafe6cb47a8fa23350d480f5fa8b06"
  }
}
